
Microsoft Visual Studio Solution File, Format Version 12.00
# Visual Studio Version 16
VisualStudioVersion = 16.0.31313.79
MinimumVisualStudioVersion = 10.0.40219.1
Project("{FAE04EC0-301F-11D3-BF4B-00C04F79EFBC}") = "CalcDemo", "CalcDemo.csproj", "{651B79DC-3143-490D-B1C4-E67D08728C80}"
EndProject
Global
	GlobalSection(SolutionConfigurationPlatforms) = preSolution
		Debug|Any CPU = Debug|Any CPU
		Release|Any CPU = Release|Any CPU
	EndGlobalSection
	GlobalSection(ProjectConfigurationPlatforms) = postSolution
		{651B79DC-3143-490D-B1C4-E67D08728C80}.Debug|Any CPU.ActiveCfg = Debug|Any CPU
		{651B79DC-3143-490D-B1C4-E67D08728C80}.Debug|Any CPU.Build.0 = Debug|Any CPU
		{651B79DC-3143-490D-B1C4-E67D08728C80}.Debug|Any CPU.Deploy.0 = Debug|Any CPU
		{651B79DC-3143-490D-B1C4-E67D08728C80}.Release|Any CPU.ActiveCfg = Release|Any CPU
		{651B79DC-3143-490D-B1C4-E67D08728C80}.Release|Any CPU.Build.0 = Release|Any CPU
		{651B79DC-3143-490D-B1C4-E67D08728C80}.Release|Any CPU.Deploy.0 = Release|Any CPU
	EndGlobalSection
	GlobalSection(SolutionProperties) = preSolution
		HideSolutionNode = FALSE
	EndGlobalSection
	GlobalSection(ExtensibilityGlobals) = postSolution
		SolutionGuid = {46A2D47A-BD5E-4E96-8EA9-5C96C9421BCE}
	EndGlobalSection
EndGlobal
